
Microsoft Visual Studio Solution File, Format Version 12.00
# Visual Studio 15
VisualStudioVersion = 15.0.26228.10
MinimumVisualStudioVersion = 10.0.40219.1
Project("{FAE04EC0-301F-11D3-BF4B-00C04F79EFBC}") = "SampleActor", "SampleActor\SampleActor.csproj", "{407EBF63-A3B8-4D35-8C2F-CD81903EA4F7}"
EndProject
Project("{FAE04EC0-301F-11D3-BF4B-00C04F79EFBC}") = "SimpleHierarchyActors", "SimpleHierarchyActors\SimpleHierarchyActors.csproj", "{FB217B6B-2D34-4362-96B1-1127B477D9BE}"
EndProject
Project("{FAE04EC0-301F-11D3-BF4B-00C04F79EFBC}") = "SimpleHierarchyErrorHangling", "SimpleHierarchyActorsErrorHangling\SimpleHierarchyErrorHangling.csproj", "{AEC8EDE9-F308-4AF2-9A64-1E42D6623CDE}"
EndProject
Global
	GlobalSection(SolutionConfigurationPlatforms) = preSolution
		Debug|Any CPU = Debug|Any CPU
		Release|Any CPU = Release|Any CPU
	EndGlobalSection
	GlobalSection(ProjectConfigurationPlatforms) = postSolution
		{407EBF63-A3B8-4D35-8C2F-CD81903EA4F7}.Debug|Any CPU.ActiveCfg = Debug|Any CPU
		{407EBF63-A3B8-4D35-8C2F-CD81903EA4F7}.Debug|Any CPU.Build.0 = Debug|Any CPU
		{407EBF63-A3B8-4D35-8C2F-CD81903EA4F7}.Release|Any CPU.ActiveCfg = Release|Any CPU
		{407EBF63-A3B8-4D35-8C2F-CD81903EA4F7}.Release|Any CPU.Build.0 = Release|Any CPU
		{FB217B6B-2D34-4362-96B1-1127B477D9BE}.Debug|Any CPU.ActiveCfg = Debug|Any CPU
		{FB217B6B-2D34-4362-96B1-1127B477D9BE}.Debug|Any CPU.Build.0 = Debug|Any CPU
		{FB217B6B-2D34-4362-96B1-1127B477D9BE}.Release|Any CPU.ActiveCfg = Release|Any CPU
		{FB217B6B-2D34-4362-96B1-1127B477D9BE}.Release|Any CPU.Build.0 = Release|Any CPU
		{AEC8EDE9-F308-4AF2-9A64-1E42D6623CDE}.Debug|Any CPU.ActiveCfg = Debug|Any CPU
		{AEC8EDE9-F308-4AF2-9A64-1E42D6623CDE}.Debug|Any CPU.Build.0 = Debug|Any CPU
		{AEC8EDE9-F308-4AF2-9A64-1E42D6623CDE}.Release|Any CPU.ActiveCfg = Release|Any CPU
		{AEC8EDE9-F308-4AF2-9A64-1E42D6623CDE}.Release|Any CPU.Build.0 = Release|Any CPU
	EndGlobalSection
	GlobalSection(SolutionProperties) = preSolution
		HideSolutionNode = FALSE
	EndGlobalSection
EndGlobal
